golang.org/x/sys v0.4.0/go.mod h1:oPkhp1MJrh7nUepCBck5+mAzfO9JrbApNNgaTdGDITg=
golang.org/x/sys v0.11.0 h1:eG7RXZHdqOJ1i+0lgLgCpSXAp6M3LYlAo6osgSi0xOM=
golang.org/x/sys v0.11.0/go.mod h1:oPkhp1MJrh7nUepCBck5+mAzfO9JrbApNNgaTdGDITg=
suah.dev/protect v1.2.3 h1:aHeoNwZ9YPp64hrYaN0g0djNE1eRujgH63CrfRrUKdc=
suah.dev/protect v1.2.3/go.mod h1:n1R3XIbsnryKX7C1PO88i5Wgo0v8OTXm9K9FIKt4rfs=
